lockfileVersion: '9.0'

settings:
  autoInstallPeers: true
  excludeLinksFromLockfile: false

importers:

  .:
    dependencies:
      '@storybook/mcp':
        specifier: latest
        version: 0.4.1(typescript@5.9.3)
      srvx:
        specifier: ^0.8.16
        version: 0.8.16
    devDependencies:
      '@types/node':
        specifier: ^24.0.0
        version: 24.10.13
      typescript:
        specifier: ~5.9.0
        version: 5.9.3

packages:

  '@standard-schema/spec@1.1.0':
    resolution: {integrity: sha512-l2aFy5jALhniG5HgqrD6jXLi/rUWrKvqN/qJx6yoJsgKhblVd+iqqU4RCXavm/jPityDo5TCvKMnpjKnOriy0w==}

  '@storybook/mcp@0.4.1':
    resolution: {integrity: sha512-jqL6TSjUnQdpel+BLpUnGQTihQ28NNRUmUdDSj6ngEePifDQuieTiuw9Lt4mOiIpMGzy39H899VBm9UMUgUZ9Q==}

  '@tmcp/adapter-valibot@0.1.5':
    resolution: {integrity: sha512-9P2wrVYPngemNK0UvPb/opC722/jfd09QxXmme1TRp/wPsl98vpSk/MXt24BCMqBRv4Dvs0xxJH4KHDcjXW52Q==}
    peerDependencies:
      tmcp: ^1.17.0
      valibot: ^1.1.0

  '@tmcp/session-manager@0.2.1':
    resolution: {integrity: sha512-DOGy9LfufXCy1wfpGHZ6qPSDQtRnTVwOb71+41ffovTqzLMZlK3iLK/LIsekHxIiku+iIAUiqEKN+DHbqEm8IA==}
    peerDependencies:
      tmcp: ^1.16.3

  '@tmcp/transport-http@0.8.4':
    resolution: {integrity: sha512-n/4oIYjHyX5i6LFC3+qlxtc/IIv1xoqLhPVbdA5VYDyUWU6QRBU3+ffMXQuAPs0Q6Z+ZCzcO30V90yRMAxuriQ==}
    peerDependencies:
      '@tmcp/auth': ^0.3.3 || ^0.4.0
      tmcp: ^1.18.0
    peerDependenciesMeta:
      '@tmcp/auth':
        optional: true

  '@types/node@24.10.13':
    resolution: {integrity: sha512-oH72nZRfDv9lADUBSo104Aq7gPHpQZc4BTx38r9xf9pg5LfP6EzSyH2n7qFmmxRQXh7YlUXODcYsg6PuTDSxGg==}

  '@valibot/to-json-schema@1.5.0':
    resolution: {integrity: sha512-GE7DmSr1C2UCWPiV0upRH6mv0cCPsqYGs819fb6srCS1tWhyXrkGGe+zxUiwzn/L1BOfADH4sNjY/YHCuP8phQ==}
    peerDependencies:
      valibot: ^1.2.0

  esm-env@1.2.2:
    resolution: {integrity: sha512-Epxrv+Nr/CaL4ZcFGPJIYLWFom+YeV1DqMLHJoEd9SYRxNbaFruBwfEX/kkHUJf55j2+TUbmDcmuilbP1TmXHA==}

  json-rpc-2.0@1.7.1:
    resolution: {integrity: sha512-JqZjhjAanbpkXIzFE7u8mE/iFblawwlXtONaCvRqI+pyABVz7B4M1EUNpyVW+dZjqgQ2L5HFmZCmOCgUKm00hg==}

  sqids@0.3.0:
    resolution: {integrity: sha512-lOQK1ucVg+W6n3FhRwwSeUijxe93b51Bfz5PMRMihVf1iVkl82ePQG7V5vwrhzB11v0NtsR25PSZRGiSomJaJw==}

  srvx@0.8.16:
    resolution: {integrity: sha512-hmcGW4CgroeSmzgF1Ihwgl+Ths0JqAJ7HwjP2X7e3JzY7u4IydLMcdnlqGQiQGUswz+PO9oh/KtCpOISIvs9QQ==}
    engines: {node: '>=20.16.0'}
    hasBin: true

  tmcp@1.19.2:
    resolution: {integrity: sha512-/AEG/jlzflGKqCKm7GNdhz50VtFlN+3vcnKd+iQJXcHdIPrpCRMolEj57SfgcXcfE2ouX7J6Q05gPKsS2NZhKg==}

  typescript@5.9.3:
    resolution: {integrity: sha512-jl1vZzPDinLr9eUt3J/t7V6FgNEw9QjvBPdysz9KfQDD41fQrC2Y4vKQdiaUpFT4bXlb1RHhLpp8wtm6M5TgSw==}
    engines: {node: '>=14.17'}
    hasBin: true

  undici-types@7.16.0:
    resolution: {integrity: sha512-Zz+aZWSj8LE6zoxD+xrjh4VfkIG8Ya6LvYkZqtUQGJPZjYl53ypCaUwWqo7eI0x66KBGeRo+mlBEkMSeSZ38Nw==}

  uri-template-matcher@1.1.2:
    resolution: {integrity: sha512-uZc1h12jdO3m/R77SfTEOuo6VbMhgWznaawKpBjRGSJb7i91x5PgI37NQJtG+Cerxkk0yr1pylBY2qG1kQ+aEQ==}

  valibot@1.2.0:
    resolution: {integrity: sha512-mm1rxUsmOxzrwnX5arGS+U4T25RdvpPjPN4yR0u9pUBov9+zGVtO84tif1eY4r6zWxVxu3KzIyknJy3rxfRZZg==}
    peerDependencies:
      typescript: '>=5'
    peerDependenciesMeta:
      typescript:
        optional: true

snapshots:

  '@standard-schema/spec@1.1.0': {}

  '@storybook/mcp@0.4.1(typescript@5.9.3)':
    dependencies:
      '@tmcp/adapter-valibot': 0.1.5(tmcp@1.19.2(typescript@5.9.3))(valibot@1.2.0(typescript@5.9.3))
      '@tmcp/transport-http': 0.8.4(tmcp@1.19.2(typescript@5.9.3))
      tmcp: 1.19.2(typescript@5.9.3)
      valibot: 1.2.0(typescript@5.9.3)
    transitivePeerDependencies:
      - '@tmcp/auth'
      - typescript

  '@tmcp/adapter-valibot@0.1.5(tmcp@1.19.2(typescript@5.9.3))(valibot@1.2.0(typescript@5.9.3))':
    dependencies:
      '@standard-schema/spec': 1.1.0
      '@valibot/to-json-schema': 1.5.0(valibot@1.2.0(typescript@5.9.3))
      tmcp: 1.19.2(typescript@5.9.3)
      valibot: 1.2.0(typescript@5.9.3)

  '@tmcp/session-manager@0.2.1(tmcp@1.19.2(typescript@5.9.3))':
    dependencies:
      tmcp: 1.19.2(typescript@5.9.3)

  '@tmcp/transport-http@0.8.4(tmcp@1.19.2(typescript@5.9.3))':
    dependencies:
      '@tmcp/session-manager': 0.2.1(tmcp@1.19.2(typescript@5.9.3))
      esm-env: 1.2.2
      tmcp: 1.19.2(typescript@5.9.3)

  '@types/node@24.10.13':
    dependencies:
      undici-types: 7.16.0

  '@valibot/to-json-schema@1.5.0(valibot@1.2.0(typescript@5.9.3))':
    dependencies:
      valibot: 1.2.0(typescript@5.9.3)

  esm-env@1.2.2: {}

  json-rpc-2.0@1.7.1: {}

  sqids@0.3.0: {}

  srvx@0.8.16: {}

  tmcp@1.19.2(typescript@5.9.3):
    dependencies:
      '@standard-schema/spec': 1.1.0
      json-rpc-2.0: 1.7.1
      sqids: 0.3.0
      uri-template-matcher: 1.1.2
      valibot: 1.2.0(typescript@5.9.3)
    transitivePeerDependencies:
      - typescript

  typescript@5.9.3: {}

  undici-types@7.16.0: {}

  uri-template-matcher@1.1.2: {}

  valibot@1.2.0(typescript@5.9.3):
    optionalDependencies:
      typescript: 5.9.3
