lockfileVersion: '9.0'

settings:
  autoInstallPeers: true
  excludeLinksFromLockfile: false

patchedDependencies:
  '@vercel/agent-eval@1.4.0':
    hash: 250b47a14e82527fedada934e67becc8bce9a367c59d8292224989b159b7c7b0
    path: ../../agent-eval/patches/@vercel__agent-eval@1.4.0.patch

importers:

  .:
    dependencies:
      '@storybook/mcp':
        specifier: workspace:*
        version: link:../../packages/mcp
      srvx:
        specifier: ^0.12.4
        version: 0.12.4
    devDependencies:
      '@types/node':
        specifier: ^24.0.0
        version: 24.13.3
      typescript:
        specifier: ~5.9.0
        version: 5.9.3

packages:

  '@types/node@24.13.3':
    resolution: {integrity: sha512-Dh8vAsV36ig5wa9OX4pXvMc9D3Veibfw2wix0CUwYODLD8nkj9UsLjASr49nPg+2eKzxhBV+v7L8pXvT4e639Q==}

  srvx@0.12.4:
    resolution: {integrity: sha512-RixzFlMn3dvzDTpKIAXhXrqL4cy6vScNCP0VVwgVbUBU94o+DiXLsFnAZetbyKAEnK6Ox3hzHXWGsyv/Iibv7g==}
    engines: {node: '>=20.16.0'}
    hasBin: true

  typescript@5.9.3:
    resolution: {integrity: sha512-jl1vZzPDinLr9eUt3J/t7V6FgNEw9QjvBPdysz9KfQDD41fQrC2Y4vKQdiaUpFT4bXlb1RHhLpp8wtm6M5TgSw==}
    engines: {node: '>=14.17'}
    hasBin: true

  undici-types@7.18.2:
    resolution: {integrity: sha512-AsuCzffGHJybSaRrmr5eHr81mwJU3kjw6M+uprWvCXiNeN9SOGwQ3Jn8jb8m3Z6izVgknn1R0FTCEAP2QrLY/w==}

snapshots:

  '@types/node@24.13.3':
    dependencies:
      undici-types: 7.18.2

  srvx@0.12.4: {}

  typescript@5.9.3: {}

  undici-types@7.18.2: {}
