lockfileVersion: '9.0'

settings:
  autoInstallPeers: true
  excludeLinksFromLockfile: false

importers:

  .:
    dependencies:
      '@storybook/mcp':
        specifier: workspace:*
        version: link:../../packages/mcp
      srvx:
        specifier: ^0.8.16
        version: 0.8.16

packages:

  srvx@0.8.16:
    resolution: {integrity: sha512-hmcGW4CgroeSmzgF1Ihwgl+Ths0JqAJ7HwjP2X7e3JzY7u4IydLMcdnlqGQiQGUswz+PO9oh/KtCpOISIvs9QQ==}
    engines: {node: '>=20.16.0'}
    hasBin: true

snapshots:

  srvx@0.8.16: {}
