lockfileVersion: '9.0'

settings:
  autoInstallPeers: true
  excludeLinksFromLockfile: false

catalogs:
  default:
    '@tmcp/adapter-valibot':
      specifier: ^0.1.5
      version: 0.1.6
    '@tmcp/transport-stdio':
      specifier: ^0.4.3
      version: 0.4.3
    '@types/semver':
      specifier: 7.7.1
      version: 7.7.1
    semver:
      specifier: 7.8.1
      version: 7.8.1
    tmcp:
      specifier: ^1.19.4
      version: 1.19.4
    valibot:
      specifier: 1.2.0
      version: 1.2.0

importers:

  .:
    dependencies:
      '@tmcp/adapter-valibot':
        specifier: 'catalog:'
        version: 0.1.6(tmcp@1.19.4)(valibot@1.2.0)
      '@tmcp/transport-stdio':
        specifier: 'catalog:'
        version: 0.4.3(tmcp@1.19.4)
      '@types/semver':
        specifier: 'catalog:'
        version: 7.7.1
      semver:
        specifier: 'catalog:'
        version: 7.8.1
      tmcp:
        specifier: 'catalog:'
        version: 1.19.4
      valibot:
        specifier: 'catalog:'
        version: 1.2.0

packages:

  '@standard-schema/spec@1.1.0':
    resolution: {integrity: sha512-l2aFy5jALhniG5HgqrD6jXLi/rUWrKvqN/qJx6yoJsgKhblVd+iqqU4RCXavm/jPityDo5TCvKMnpjKnOriy0w==}

  '@tmcp/adapter-valibot@0.1.6':
    resolution: {integrity: sha512-drirZeNinhYLiRSMksN+m//u0ImFxtGRk1Vp425Xp/7CbBXFQdjAG+f7grssyHAukbVTGzmWsMMP6ejrGVErUA==}
    peerDependencies:
      tmcp: ^1.17.0
      valibot: ^1.1.0

  '@tmcp/transport-stdio@0.4.3':
    resolution: {integrity: sha512-chdmSwk7PSXjkaQId2OAY8ZMFrTFWwckfCyXJuw6b6WFK9IMK95EoU2VDFioybcmawuQox0MNPM5R2DVxlptoA==}
    peerDependencies:
      tmcp: ^1.16.3

  '@types/semver@7.7.1':
    resolution: {integrity: sha512-FmgJfu+MOcQ370SD0ev7EI8TlCAfKYU+B4m5T3yXc1CiRN94g/SZPtsCkk506aUDtlMnFZvasDwHHUcZUEaYuA==}

  '@valibot/to-json-schema@1.7.0':
    resolution: {integrity: sha512-Y3pPVibbIOHzohrlxSINvO7w/bvXkoYS3BQHoImV9ynE+bXKf171bdMucPurV2zp7gdmt0L1HCcNAsbo7cFRQw==}
    peerDependencies:
      valibot: ^1.4.0

  json-rpc-2.0@1.7.1:
    resolution: {integrity: sha512-JqZjhjAanbpkXIzFE7u8mE/iFblawwlXtONaCvRqI+pyABVz7B4M1EUNpyVW+dZjqgQ2L5HFmZCmOCgUKm00hg==}

  semver@7.8.1:
    resolution: {integrity: sha512-rkVq3IXh+4FDGch+KwzX3aV9W3kO54GyEgpvBzSyctDA6Xtd7RJQV1xmXbeQp5v7+VzLOfVqiutSE6GICgPFvg==}
    engines: {node: '>=10'}
    hasBin: true

  sqids@0.3.0:
    resolution: {integrity: sha512-lOQK1ucVg+W6n3FhRwwSeUijxe93b51Bfz5PMRMihVf1iVkl82ePQG7V5vwrhzB11v0NtsR25PSZRGiSomJaJw==}

  tmcp@1.19.4:
    resolution: {integrity: sha512-fMoUJ3Gef9iA0yKZNeW2SQCCKTluCwghUyOz/qxPS8XxrQk6Jlw4lgql3S+s6L//FteLeSJ7erKxMWl727mZoQ==}

  uri-template-matcher@1.1.2:
    resolution: {integrity: sha512-uZc1h12jdO3m/R77SfTEOuo6VbMhgWznaawKpBjRGSJb7i91x5PgI37NQJtG+Cerxkk0yr1pylBY2qG1kQ+aEQ==}

  valibot@1.2.0:
    resolution: {integrity: sha512-mm1rxUsmOxzrwnX5arGS+U4T25RdvpPjPN4yR0u9pUBov9+zGVtO84tif1eY4r6zWxVxu3KzIyknJy3rxfRZZg==}
    peerDependencies:
      typescript: '>=5'
    peerDependenciesMeta:
      typescript:
        optional: true

snapshots:

  '@standard-schema/spec@1.1.0': {}

  '@tmcp/adapter-valibot@0.1.6(tmcp@1.19.4)(valibot@1.2.0)':
    dependencies:
      '@standard-schema/spec': 1.1.0
      '@valibot/to-json-schema': 1.7.0(valibot@1.2.0)
      tmcp: 1.19.4
      valibot: 1.2.0

  '@tmcp/transport-stdio@0.4.3(tmcp@1.19.4)':
    dependencies:
      tmcp: 1.19.4

  '@types/semver@7.7.1': {}

  '@valibot/to-json-schema@1.7.0(valibot@1.2.0)':
    dependencies:
      valibot: 1.2.0

  json-rpc-2.0@1.7.1: {}

  semver@7.8.1: {}

  sqids@0.3.0: {}

  tmcp@1.19.4:
    dependencies:
      '@standard-schema/spec': 1.1.0
      json-rpc-2.0: 1.7.1
      sqids: 0.3.0
      uri-template-matcher: 1.1.2
      valibot: 1.2.0
    transitivePeerDependencies:
      - typescript

  uri-template-matcher@1.1.2: {}

  valibot@1.2.0: {}
