lockfileVersion: '9.0'

settings:
  autoInstallPeers: true
  excludeLinksFromLockfile: false

patchedDependencies:
  '@vercel/agent-eval@1.1.1':
    hash: 146c0c1c59afe2314aa3860616b55920ce2b2ffe8d38fe0cfecaf1afc227feea
    path: ../../vercel-evals/patches/@vercel__agent-eval@1.1.1.patch

importers:

  .:
    devDependencies:
      tinyexec:
        specifier: ^1.0.2
        version: 1.1.2

packages:

  tinyexec@1.1.2:
    resolution: {integrity: sha512-dAqSqE/RabpBKI8+h26GfLq6Vb3JVXs30XYQjdMjaj/c2tS8IYYMbIzP599KtRj7c57/wYApb3QjgRgXmrCukA==}
    engines: {node: '>=18'}

snapshots:

  tinyexec@1.1.2: {}
