lockfileVersion: '9.0'

settings:
  autoInstallPeers: true
  excludeLinksFromLockfile: false

overrides:
  '@ai-sdk/anthropic': ^2.0.0

patchedDependencies:
  '@vercel/agent-eval@1.2.0':
    hash: 520e4f098b755dc01fa085794294d8a8eeaeeb3201772fff6eccb717edaf62e4
    path: ../../agent-eval/patches/@vercel__agent-eval@1.2.0.patch

importers:

  .:
    devDependencies:
      tinyexec:
        specifier: ^1.0.2
        version: 1.1.2

packages:

  tinyexec@1.1.2:
    resolution: {integrity: sha512-dAqSqE/RabpBKI8+h26GfLq6Vb3JVXs30XYQjdMjaj/c2tS8IYYMbIzP599KtRj7c57/wYApb3QjgRgXmrCukA==}
    engines: {node: '>=18'}

snapshots:

  tinyexec@1.1.2: {}
