lockfileVersion: '9.0'

settings:
  autoInstallPeers: true
  excludeLinksFromLockfile: false

patchedDependencies:
  '@vercel/agent-eval@1.2.0':
    hash: 89ba52acefdb2e906edc466e8e2cdb2e61c7a028fea548eaaf5c7799dcc5bb68
    path: ../../agent-eval/patches/@vercel__agent-eval@1.2.0.patch

importers:

  .:
    devDependencies:
      tinyexec:
        specifier: ^1.0.2
        version: 1.1.2

packages:

  tinyexec@1.1.2:
    resolution: {integrity: sha512-dAqSqE/RabpBKI8+h26GfLq6Vb3JVXs30XYQjdMjaj/c2tS8IYYMbIzP599KtRj7c57/wYApb3QjgRgXmrCukA==}
    engines: {node: '>=18'}

snapshots:

  tinyexec@1.1.2: {}
